
Microsoft Visual Studio Solution File, Format Version 12.00
# Visual Studio Version 16
VisualStudioVersion = 16.0.31025.194
MinimumVisualStudioVersion = 10.0.40219.1
Project("{9A19103F-16F7-4668-BE54-9A1E7A4F7556}") = "ZPN.Task.Library", "ZPN.Task.Library\ZPN.Task.Library.csproj", "{77006F1C-0B54-4B97-B8BC-64AD8065F2EE}"
EndProject
Project("{9A19103F-16F7-4668-BE54-9A1E7A4F7556}") = "ZPN.Task.UnitTests", "ZPN.Task.UnitTests\ZPN.Task.UnitTests.csproj", "{414FA03D-CB3F-4B9E-AF3B-D67870D1B270}"
EndProject
Global
	GlobalSection(SolutionConfigurationPlatforms) = preSolution
		Debug|Any CPU = Debug|Any CPU
		Release|Any CPU = Release|Any CPU
	EndGlobalSection
	GlobalSection(ProjectConfigurationPlatforms) = postSolution
		{77006F1C-0B54-4B97-B8BC-64AD8065F2EE}.Debug|Any CPU.ActiveCfg = Debug|Any CPU
		{77006F1C-0B54-4B97-B8BC-64AD8065F2EE}.Debug|Any CPU.Build.0 = Debug|Any CPU
		{77006F1C-0B54-4B97-B8BC-64AD8065F2EE}.Release|Any CPU.ActiveCfg = Release|Any CPU
		{77006F1C-0B54-4B97-B8BC-64AD8065F2EE}.Release|Any CPU.Build.0 = Release|Any CPU
		{414FA03D-CB3F-4B9E-AF3B-D67870D1B270}.Debug|Any CPU.ActiveCfg = Debug|Any CPU
		{414FA03D-CB3F-4B9E-AF3B-D67870D1B270}.Debug|Any CPU.Build.0 = Debug|Any CPU
		{414FA03D-CB3F-4B9E-AF3B-D67870D1B270}.Release|Any CPU.ActiveCfg = Release|Any CPU
		{414FA03D-CB3F-4B9E-AF3B-D67870D1B270}.Release|Any CPU.Build.0 = Release|Any CPU
	EndGlobalSection
	GlobalSection(SolutionProperties) = preSolution
		HideSolutionNode = FALSE
	EndGlobalSection
	GlobalSection(ExtensibilityGlobals) = postSolution
		SolutionGuid = {974E18B3-2E7E-4BDA-AD70-4D8E516CF06E}
	EndGlobalSection
EndGlobal
